name: 'Lock threads'

on:
  schedule:
    - cron: '0 0 * * *'

permissions:
  contents: read

jobs:
  lock:
    permissions:
      issues: write  # for dessant/lock-threads to lock issues
      pull-requests: write  # for dessant/lock-threads to lock PRs
    runs-on: ubuntu-latest
    steps:
      - uses: dessant/lock-threads@v3
        with:
          github-token: ${{ github.token }}
          issue-inactive-days: 14
          pr-inactive-days: 14
